
Microsoft Visual Studio Solution File, Format Version 12.00
# Visual Studio Version 17
VisualStudioVersion = 17.5.33516.290
MinimumVisualStudioVersion = 10.0.40219.1
Project("{FAE04EC0-301F-11D3-BF4B-00C04F79EFBC}") = "ShowMeTheMoney", "ShowMeTheMoney\ShowMeTheMoney.csproj", "{B30A6A0E-F92F-4CC1-B940-3A1E6E29E716}"
EndProject
Project("{FAE04EC0-301F-11D3-BF4B-00C04F79EFBC}") = "UnitTest", "UnitTest\UnitTest.csproj", "{4D603A81-1F87-49DE-B3A3-7D75E9B78663}"
EndProject
Global
	GlobalSection(SolutionConfigurationPlatforms) = preSolution
		Debug|Any CPU = Debug|Any CPU
		Release|Any CPU = Release|Any CPU
	EndGlobalSection
	GlobalSection(ProjectConfigurationPlatforms) = postSolution
		{B30A6A0E-F92F-4CC1-B940-3A1E6E29E716}.Debug|Any CPU.ActiveCfg = Debug|Any CPU
		{B30A6A0E-F92F-4CC1-B940-3A1E6E29E716}.Debug|Any CPU.Build.0 = Debug|Any CPU
		{B30A6A0E-F92F-4CC1-B940-3A1E6E29E716}.Release|Any CPU.ActiveCfg = Release|Any CPU
		{B30A6A0E-F92F-4CC1-B940-3A1E6E29E716}.Release|Any CPU.Build.0 = Release|Any CPU
		{4D603A81-1F87-49DE-B3A3-7D75E9B78663}.Debug|Any CPU.ActiveCfg = Debug|Any CPU
		{4D603A81-1F87-49DE-B3A3-7D75E9B78663}.Debug|Any CPU.Build.0 = Debug|Any CPU
		{4D603A81-1F87-49DE-B3A3-7D75E9B78663}.Release|Any CPU.ActiveCfg = Release|Any CPU
		{4D603A81-1F87-49DE-B3A3-7D75E9B78663}.Release|Any CPU.Build.0 = Release|Any CPU
	EndGlobalSection
	GlobalSection(SolutionProperties) = preSolution
		HideSolutionNode = FALSE
	EndGlobalSection
	GlobalSection(ExtensibilityGlobals) = postSolution
		SolutionGuid = {010AA188-F857-4A55-89EB-8F436BCD0F45}
	EndGlobalSection
EndGlobal
